
Microsoft Visual Studio Solution File, Format Version 11.00
# Visual Studio 2010
Project("{FAE04EC0-301F-11D3-BF4B-00C04F79EFBC}") = "QIFParser", "QIFParser.csproj", "{6EB1C26A-4365-4F56-B6CF-143CFDD9F8B5}"
EndProject
Project("{FAE04EC0-301F-11D3-BF4B-00C04F79EFBC}") = "WindowsFormsApplication1", "..\WindowsFormsApplication1\WindowsFormsApplication1.csproj", "{7F0A5106-5E73-42D4-A87A-C861A540D377}"
EndProject
Global
	GlobalSection(SolutionConfigurationPlatforms) = preSolution
		Debug|Any CPU = Debug|Any CPU
		Debug|Mixed Platforms = Debug|Mixed Platforms
		Debug|x86 = Debug|x86
		Release|Any CPU = Release|Any CPU
		Release|Mixed Platforms = Release|Mixed Platforms
		Release|x86 = Release|x86
	EndGlobalSection
	GlobalSection(ProjectConfigurationPlatforms) = postSolution
		{6EB1C26A-4365-4F56-B6CF-143CFDD9F8B5}.Debug|Any CPU.ActiveCfg = Debug|Any CPU
		{6EB1C26A-4365-4F56-B6CF-143CFDD9F8B5}.Debug|Any CPU.Build.0 = Debug|Any CPU
		{6EB1C26A-4365-4F56-B6CF-143CFDD9F8B5}.Debug|Mixed Platforms.ActiveCfg = Debug|Any CPU
		{6EB1C26A-4365-4F56-B6CF-143CFDD9F8B5}.Debug|Mixed Platforms.Build.0 = Debug|Any CPU
		{6EB1C26A-4365-4F56-B6CF-143CFDD9F8B5}.Debug|x86.ActiveCfg = Debug|Any CPU
		{6EB1C26A-4365-4F56-B6CF-143CFDD9F8B5}.Release|Any CPU.ActiveCfg = Release|Any CPU
		{6EB1C26A-4365-4F56-B6CF-143CFDD9F8B5}.Release|Any CPU.Build.0 = Release|Any CPU
		{6EB1C26A-4365-4F56-B6CF-143CFDD9F8B5}.Release|Mixed Platforms.ActiveCfg = Release|Any CPU
		{6EB1C26A-4365-4F56-B6CF-143CFDD9F8B5}.Release|Mixed Platforms.Build.0 = Release|Any CPU
		{6EB1C26A-4365-4F56-B6CF-143CFDD9F8B5}.Release|x86.ActiveCfg = Release|Any CPU
		{7F0A5106-5E73-42D4-A87A-C861A540D377}.Debug|Any CPU.ActiveCfg = Debug|x86
		{7F0A5106-5E73-42D4-A87A-C861A540D377}.Debug|Mixed Platforms.ActiveCfg = Debug|x86
		{7F0A5106-5E73-42D4-A87A-C861A540D377}.Debug|Mixed Platforms.Build.0 = Debug|x86
		{7F0A5106-5E73-42D4-A87A-C861A540D377}.Debug|x86.ActiveCfg = Debug|x86
		{7F0A5106-5E73-42D4-A87A-C861A540D377}.Debug|x86.Build.0 = Debug|x86
		{7F0A5106-5E73-42D4-A87A-C861A540D377}.Release|Any CPU.ActiveCfg = Release|x86
		{7F0A5106-5E73-42D4-A87A-C861A540D377}.Release|Mixed Platforms.ActiveCfg = Release|x86
		{7F0A5106-5E73-42D4-A87A-C861A540D377}.Release|Mixed Platforms.Build.0 = Release|x86
		{7F0A5106-5E73-42D4-A87A-C861A540D377}.Release|x86.ActiveCfg = Release|x86
		{7F0A5106-5E73-42D4-A87A-C861A540D377}.Release|x86.Build.0 = Release|x86
	EndGlobalSection
	GlobalSection(SolutionProperties) = preSolution
		HideSolutionNode = FALSE
	EndGlobalSection
EndGlobal
